{
    "_readme": [
        "This file locks the dependencies of your project to a known state",
        "Read more about it at https://getcomposer.org/doc/01-basic-usage.md#installing-dependencies",
        "This file is @generated automatically"
    ],
    "content-hash": "77b4f7853eb883a5021e2e178d29776d",
    "packages": [
        {
            "name": "shinsenter/defer.php",
            "version": "1.0.17",
            "source": {
                "type": "git",
                "url": "https://github.com/shinsenter/defer.php.git",
                "reference": "7d3a3a68016fb58348b1c597a25cb599e2d92ba5"
            },
            "dist": {
                "type": "zip",
                "url": "https://api.github.com/repos/shinsenter/defer.php/zipball/7d3a3a68016fb58348b1c597a25cb599e2d92ba5",
                "reference": "7d3a3a68016fb58348b1c597a25cb599e2d92ba5",
                "shasum": ""
            },
            "require": {
                "php": ">=5.6",
                "symfony/http-foundation": ">2.6"
            },
            "type": "library",
            "autoload": {
                "files": [],
                "psr-4": {
                    "shinsenter\\": "src/"
                }
            },
            "notification-url": "https://packagist.org/downloads/",
            "license": [
                "MIT"
            ],
            "authors": [
                {
                    "name": "Mai Nhut Tan",
                    "email": "shin@shin.company",
                    "homepage": "https://code.shin.company",
                    "role": "Owner"
                }
            ],
            "description": "🚀 A PHP library that focuses on minimizing payload size of HTML document and optimizing processing on the browser when rendering the web page.",
            "keywords": [
                "PHP Library",
                "avoid render blocking",
                "defer",
                "defer php",
                "defer.js",
                "dom optimization",
                "gtmetrix",
                "lazy load",
                "lazy loader",
                "lazy loading",
                "lazyload",
                "lazyload css",
                "lazyload facebook",
                "lazyload font",
                "lazyload image",
                "lazyload js",
                "lazyload laravel",
                "lazyload php",
                "lazyload video",
                "lazyload wordpress",
                "lazyload youtube",
                "page speed optimization",
                "pagespeed insight",
                "performance",
                "website speed optimization"
            ],
            "time": "2019-10-23T13:51:57+00:00"
        },
        {
            "name": "symfony/http-foundation",
            "version": "v3.3.18",
            "source": {
                "type": "git",
                "url": "https://github.com/symfony/http-foundation.git",
                "reference": "88506c8c623d861d4733194efe9c0c317b593ad6"
            },
            "dist": {
                "type": "zip",
                "url": "https://api.github.com/repos/symfony/http-foundation/zipball/88506c8c623d861d4733194efe9c0c317b593ad6",
                "reference": "88506c8c623d861d4733194efe9c0c317b593ad6",
                "shasum": ""
            },
            "require": {
                "php": "^5.5.9|>=7.0.8",
                "symfony/polyfill-mbstring": "~1.1"
            },
            "require-dev": {
                "symfony/expression-language": "~2.8|~3.0"
            },
            "type": "library",
            "extra": {
                "branch-alias": {
                    "dev-master": "3.3-dev"
                }
            },
            "autoload": {
                "psr-4": {
                    "Symfony\\Component\\HttpFoundation\\": ""
                },
                "exclude-from-classmap": [
                    "/Tests/"
                ]
            },
            "notification-url": "https://packagist.org/downloads/",
            "license": [
                "MIT"
            ],
            "authors": [
                {
                    "name": "Fabien Potencier",
                    "email": "fabien@symfony.com"
                },
                {
                    "name": "Symfony Community",
                    "homepage": "https://symfony.com/contributors"
                }
            ],
            "description": "Symfony HttpFoundation Component",
            "homepage": "https://symfony.com",
            "time": "2018-08-01T12:50:04+00:00"
        },
        {
            "name": "symfony/polyfill-mbstring",
            "version": "v1.12.0",
            "source": {
                "type": "git",
                "url": "https://github.com/symfony/polyfill-mbstring.git",
                "reference": "b42a2f66e8f1b15ccf25652c3424265923eb4f17"
            },
            "dist": {
                "type": "zip",
                "url": "https://api.github.com/repos/symfony/polyfill-mbstring/zipball/b42a2f66e8f1b15ccf25652c3424265923eb4f17",
                "reference": "b42a2f66e8f1b15ccf25652c3424265923eb4f17",
                "shasum": ""
            },
            "require": {
                "php": ">=5.3.3"
            },
            "suggest": {
                "ext-mbstring": "For best performance"
            },
            "type": "library",
            "extra": {
                "branch-alias": {
                    "dev-master": "1.12-dev"
                }
            },
            "autoload": {
                "psr-4": {
                    "Symfony\\Polyfill\\Mbstring\\": ""
                },
                "files": [
                    "bootstrap.php"
                ]
            },
            "notification-url": "https://packagist.org/downloads/",
            "license": [
                "MIT"
            ],
            "authors": [
                {
                    "name": "Nicolas Grekas",
                    "email": "p@tchwork.com"
                },
                {
                    "name": "Symfony Community",
                    "homepage": "https://symfony.com/contributors"
                }
            ],
            "description": "Symfony polyfill for the Mbstring extension",
            "homepage": "https://symfony.com",
            "keywords": [
                "compatibility",
                "mbstring",
                "polyfill",
                "portable",
                "shim"
            ],
            "time": "2019-08-06T08:03:45+00:00"
        }
    ],
    "packages-dev": [],
    "aliases": [],
    "minimum-stability": "stable",
    "stability-flags": [],
    "prefer-stable": false,
    "prefer-lowest": false,
    "platform": {
        "php": ">=5.6"
    },
    "platform-dev": [],
    "platform-overrides": {
        "php": "5.6"
    }
}
