{
    "_readme": [
        "This file locks the dependencies of your project to a known state",
        "Read more about it at https://getcomposer.org/doc/01-basic-usage.md#installing-dependencies",
        "This file is @generated automatically"
    ],
    "content-hash": "b43ca693cc6b75f3afe4ac7300cf2dac",
    "packages": [
        {
            "name": "shinsenter/defer.php",
            "version": "dev-master",
            "source": {
                "type": "git",
                "url": "https://github.com/shinsenter/defer.php.git",
                "reference": "d4c5a1e05ee91f1fb2999b70eb283c0df626678a"
            },
            "dist": {
                "type": "zip",
                "url": "https://api.github.com/repos/shinsenter/defer.php/zipball/d4c5a1e05ee91f1fb2999b70eb283c0df626678a",
                "reference": "d4c5a1e05ee91f1fb2999b70eb283c0df626678a",
                "shasum": ""
            },
            "require": {
                "php": "^5.6",
                "symfony/http-foundation": "~3.3.1"
            },
            "type": "library",
            "autoload": {
                "files": [],
                "psr-4": {
                    "shinsenter\\": "src/"
                }
            },
            "notification-url": "https://packagist.org/downloads/",
            "license": [
                "MIT"
            ],
            "authors": [
                {
                    "name": "Mai Nhut Tan",
                    "email": "shin@shin.company"
                }
            ],
            "description": "defer.php is a PHP helper class to integrate shinsenter/defer.js library into your websites.",
            "keywords": [
                "PageSpeed",
                "avoid-render-blocking",
                "browser-compatibility",
                "browser-perf",
                "composer-package",
                "defer",
                "defer.js",
                "defer.php",
                "dom-optimization",
                "dom-optimize",
                "efficient",
                "frontend-library",
                "intersection-observer",
                "lazy",
                "lazy-ads",
                "lazy-css",
                "lazy-iframe",
                "lazy-image",
                "lazy-img",
                "lazy-javascript",
                "lazy-js",
                "lazy-loader",
                "lazy-loading",
                "lazy-style",
                "lazy-video",
                "lazyload",
                "performant",
                "php-library",
                "tiny-library",
                "website-performance"
            ],
            "time": "2019-03-30T13:20:24+00:00"
        },
        {
            "name": "symfony/http-foundation",
            "version": "v3.3.18",
            "source": {
                "type": "git",
                "url": "https://github.com/symfony/http-foundation.git",
                "reference": "88506c8c623d861d4733194efe9c0c317b593ad6"
            },
            "dist": {
                "type": "zip",
                "url": "https://api.github.com/repos/symfony/http-foundation/zipball/88506c8c623d861d4733194efe9c0c317b593ad6",
                "reference": "88506c8c623d861d4733194efe9c0c317b593ad6",
                "shasum": ""
            },
            "require": {
                "php": "^5.5.9|>=7.0.8",
                "symfony/polyfill-mbstring": "~1.1"
            },
            "require-dev": {
                "symfony/expression-language": "~2.8|~3.0"
            },
            "type": "library",
            "extra": {
                "branch-alias": {
                    "dev-master": "3.3-dev"
                }
            },
            "autoload": {
                "psr-4": {
                    "Symfony\\Component\\HttpFoundation\\": ""
                },
                "exclude-from-classmap": [
                    "/Tests/"
                ]
            },
            "notification-url": "https://packagist.org/downloads/",
            "license": [
                "MIT"
            ],
            "authors": [
                {
                    "name": "Fabien Potencier",
                    "email": "fabien@symfony.com"
                },
                {
                    "name": "Symfony Community",
                    "homepage": "https://symfony.com/contributors"
                }
            ],
            "description": "Symfony HttpFoundation Component",
            "homepage": "https://symfony.com",
            "time": "2018-08-01T12:50:04+00:00"
        },
        {
            "name": "symfony/polyfill-mbstring",
            "version": "v1.11.0",
            "source": {
                "type": "git",
                "url": "https://github.com/symfony/polyfill-mbstring.git",
                "reference": "fe5e94c604826c35a32fa832f35bd036b6799609"
            },
            "dist": {
                "type": "zip",
                "url": "https://api.github.com/repos/symfony/polyfill-mbstring/zipball/fe5e94c604826c35a32fa832f35bd036b6799609",
                "reference": "fe5e94c604826c35a32fa832f35bd036b6799609",
                "shasum": ""
            },
            "require": {
                "php": ">=5.3.3"
            },
            "suggest": {
                "ext-mbstring": "For best performance"
            },
            "type": "library",
            "extra": {
                "branch-alias": {
                    "dev-master": "1.11-dev"
                }
            },
            "autoload": {
                "psr-4": {
                    "Symfony\\Polyfill\\Mbstring\\": ""
                },
                "files": [
                    "bootstrap.php"
                ]
            },
            "notification-url": "https://packagist.org/downloads/",
            "license": [
                "MIT"
            ],
            "authors": [
                {
                    "name": "Nicolas Grekas",
                    "email": "p@tchwork.com"
                },
                {
                    "name": "Symfony Community",
                    "homepage": "https://symfony.com/contributors"
                }
            ],
            "description": "Symfony polyfill for the Mbstring extension",
            "homepage": "https://symfony.com",
            "keywords": [
                "compatibility",
                "mbstring",
                "polyfill",
                "portable",
                "shim"
            ],
            "time": "2019-02-06T07:57:58+00:00"
        }
    ],
    "packages-dev": [],
    "aliases": [],
    "minimum-stability": "stable",
    "stability-flags": {
        "shinsenter/defer.php": 20
    },
    "prefer-stable": false,
    "prefer-lowest": false,
    "platform": {
        "php": ">=5.5.9"
    },
    "platform-dev": [],
    "platform-overrides": {
        "php": "5.6"
    }
}
