{
    "name": "shinsenter/defer-wordpress",
    "lockfileVersion": 3,
    "requires": true,
    "packages": {
        "": {
            "name": "shinsenter/defer-wordpress",
            "license": "GPL-2.0",
            "dependencies": {
                "@shinsenter/defer.js": "^3.8.0"
            }
        },
        "node_modules/@shinsenter/defer.js": {
            "version": "3.8.0",
            "resolved": "https://registry.npmjs.org/@shinsenter/defer.js/-/defer.js-3.8.0.tgz",
            "integrity": "sha512-0wY2F4FjFpre+AIw+JmGSrIDw21YMRMAfz35pCCyLr1CFmfzg2svMNZyjJ3BUC22K64KV+3BP+tXFAqy4umQGg==",
            "funding": [
                {
                    "type": "github",
                    "url": "https://code.shin.company/defer.js/stargazers"
                },
                {
                    "type": "paypal",
                    "url": "https://www.paypal.me/shinsenter"
                },
                {
                    "type": "patreon",
                    "url": "https://www.patreon.com/appseeds"
                }
            ],
            "workspaces": [
                "dist/"
            ]
        }
    }
}
