{
    "name": "shinsenter/defer-wordpress",
    "lockfileVersion": 2,
    "requires": true,
    "packages": {
        "": {
            "name": "shinsenter/defer-wordpress",
            "license": "GPL-2.0",
            "dependencies": {
                "@shinsenter/defer.js": "^1.1.15"
            }
        },
        "node_modules/@shinsenter/defer.js": {
            "version": "1.1.15",
            "resolved": "https://registry.npmjs.org/@shinsenter/defer.js/-/defer.js-1.1.15.tgz",
            "integrity": "sha512-905DDvwFXdrA1/3ds39No8DS7fY57q2nuDMm0e8/sxvk68cuJyX/ccZb7LxgFqk7V4UlkPwbza72TayolDXqvA=="
        }
    },
    "dependencies": {
        "@shinsenter/defer.js": {
            "version": "1.1.15",
            "resolved": "https://registry.npmjs.org/@shinsenter/defer.js/-/defer.js-1.1.15.tgz",
            "integrity": "sha512-905DDvwFXdrA1/3ds39No8DS7fY57q2nuDMm0e8/sxvk68cuJyX/ccZb7LxgFqk7V4UlkPwbza72TayolDXqvA=="
        }
    }
}
